
Microsoft Visual Studio Solution File, Format Version 12.00
# Visual Studio Version 16
VisualStudioVersion = 16.0.31702.278
MinimumVisualStudioVersion = 10.0.40219.1
Project("{9A19103F-16F7-4668-BE54-9A1E7A4F7556}") = "Snake", "Snake\Snake.csproj", "{346FC991-95BC-4136-BF55-1DEE0AB6D516}"
EndProject
Project("{9A19103F-16F7-4668-BE54-9A1E7A4F7556}") = "Snake.Application", "Snake.Application\Snake.Application.csproj", "{5F63C155-8F1C-405C-807B-E1050599275A}"
EndProject
Project("{7CF6DF6D-3B04-46F8-A40B-537D21BCA0B4}") = "Snake.Documentation", "Snake.Documentation\Snake.Documentation.shfbproj", "{11D2457A-5ECE-4A04-A779-FF6B739888DF}"
EndProject
Project("{2150E333-8FDC-42A3-9474-1A3956D46DE8}") = "Solution Items", "Solution Items", "{28FFDB99-528F-4F94-A84B-45A06CAC4100}"
EndProject
Global
	GlobalSection(SolutionConfigurationPlatforms) = preSolution
		Debug|Any CPU = Debug|Any CPU
		Release|Any CPU = Release|Any CPU
	EndGlobalSection
	GlobalSection(ProjectConfigurationPlatforms) = postSolution
		{346FC991-95BC-4136-BF55-1DEE0AB6D516}.Debug|Any CPU.ActiveCfg = Debug|Any CPU
		{346FC991-95BC-4136-BF55-1DEE0AB6D516}.Debug|Any CPU.Build.0 = Debug|Any CPU
		{346FC991-95BC-4136-BF55-1DEE0AB6D516}.Release|Any CPU.ActiveCfg = Release|Any CPU
		{346FC991-95BC-4136-BF55-1DEE0AB6D516}.Release|Any CPU.Build.0 = Release|Any CPU
		{5F63C155-8F1C-405C-807B-E1050599275A}.Debug|Any CPU.ActiveCfg = Debug|Any CPU
		{5F63C155-8F1C-405C-807B-E1050599275A}.Debug|Any CPU.Build.0 = Debug|Any CPU
		{5F63C155-8F1C-405C-807B-E1050599275A}.Release|Any CPU.ActiveCfg = Release|Any CPU
		{5F63C155-8F1C-405C-807B-E1050599275A}.Release|Any CPU.Build.0 = Release|Any CPU
		{11D2457A-5ECE-4A04-A779-FF6B739888DF}.Debug|Any CPU.ActiveCfg = Debug|Any CPU
		{11D2457A-5ECE-4A04-A779-FF6B739888DF}.Debug|Any CPU.Build.0 = Debug|Any CPU
		{11D2457A-5ECE-4A04-A779-FF6B739888DF}.Release|Any CPU.ActiveCfg = Release|Any CPU
		{11D2457A-5ECE-4A04-A779-FF6B739888DF}.Release|Any CPU.Build.0 = Release|Any CPU
	EndGlobalSection
	GlobalSection(SolutionProperties) = preSolution
		HideSolutionNode = FALSE
	EndGlobalSection
	GlobalSection(ExtensibilityGlobals) = postSolution
		SolutionGuid = {30AD69B3-CD88-42F1-A352-D07784B00E4C}
	EndGlobalSection
EndGlobal
